<Solution>
  <Folder Name="/AspireOrchestration/">
    <Project Path="ChatApp_RAG_Qdrant/ChatApp_RAG_Qdrant.AppHost/ChatApp_RAG_Qdrant.AppHost.csproj" />
    <Project Path="ChatApp_RAG_Qdrant/ChatApp_RAG_Qdrant.ServiceDefaults/ChatApp_RAG_Qdrant.ServiceDefaults.csproj" />
    <Project Path="ChatApp_RAG_Qdrant/ChatApp_RAG_Qdrant.Web/ChatApp_RAG_Qdrant.Web.csproj" />
  </Folder>
  <Project Path="ChatApp_RAG_GitHub/ChatApp_RAG_GitHub.csproj" />
  <Project Path="ChatApp_RAG_Ollama/ChatApp_RAG_Ollama.csproj" />
  <Project Path="ImageAnalysis_GitHub/ImageAnalysis_GitHub.csproj" Id="a88d1116-dcf5-4c1c-8c1e-67402dd1080e" />
  <Project Path="TextGeneration/TextGeneration_GitHub.csproj" />
  <Project Path="TextGeneration_Ollama/TextGeneration_Ollama.csproj" />
  <Project Path="VectorSearch/VectorSearch.csproj" />
</Solution>
